// !$*UTF8*$!
{
	archiveVersion = 1;
	classes = {
	};
	objectVersion = 77;
	objects = {

/* Begin PBXContainerItemProxy section */
		13E853E62E477B2B00DF8C5C /* PBXContainerItemProxy */ = {
			isa = PBXContainerItemProxy;
			containerPortal = 13E853CA2E477B2A00DF8C5C /* Project object */;
			proxyType = 1;
			remoteGlobalIDString = 13E853D12E477B2A00DF8C5C;
			remoteInfo = FishForecast1;
		};
		13E853F02E477B2B00DF8C5C /* PBXContainerItemProxy */ = {
			isa = PBXContainerItemProxy;
			containerPortal = 13E853CA2E477B2A00DF8C5C /* Project object */;
			proxyType = 1;
			remoteGlobalIDString = 13E853D12E477B2A00DF8C5C;
			remoteInfo = FishForecast1;
		};
/* End PBXContainerItemProxy section */

/* Begin PBXFileReference section */
		13E853D22E477B2A00DF8C5C /* FishForecast1.app */ = {isa = PBXFileReference; explicitFileType = wrapper.application; includeInIndex = 0; path = FishForecast1.app; sourceTree = BUILT_PRODUCTS_DIR; };
		13E853E52E477B2B00DF8C5C /* FishForecast1Tests.xctest */ = {isa = PBXFileReference; explicitFileType = wrapper.cfbundle; includeInIndex = 0; path = FishForecast1Tests.xctest; sourceTree = BUILT_PRODUCTS_DIR; };
		13E853EF2E477B2B00DF8C5C /* FishForecast1UITests.xctest */ = {isa = PBXFileReference; explicitFileType = wrapper.cfbundle; includeInIndex = 0; path = FishForecast1UITests.xctest; sourceTree = BUILT_PRODUCTS_DIR; };
/* End PBXFileReference section */

/* Begin PBXFileSystemSynchronizedRootGroup section */
		13E853D42E477B2A00DF8C5C /* FishForecast1 */ = {
			isa = PBXFileSystemSynchronizedRootGroup;
			path = FishForecast1;
			sourceTree = "<group>";
		};
		13E853E82E477B2B00DF8C5C /* FishForecast1Tests */ = {
			isa = PBXFileSystemSynchronizedRootGroup;
			path = FishForecast1Tests;
			sourceTree = "<group>";
		};
		13E853F22E477B2B00DF8C5C /* FishForecast1UITests */ = {
			isa = PBXFileSystemSynchronizedRootGroup;
			path = FishForecast1UITests;
			sourceTree = "<group>";
		};
/* End PBXFileSystemSynchronizedRootGroup section */

/* Begin PBXFrameworksBuildPhase section */
		13E853CF2E477B2A00DF8C5C /* Frameworks */ = {
			isa = PBXFrameworksBuildPhase;
			buildActionMask = 2147483647;
			files = (
			);
			runOnlyForDeploymentPostprocessing = 0;
		};
		13E853E22E477B2B00DF8C5C /* Frameworks */ = {
			isa = PBXFrameworksBuildPhase;
			buildActionMask = 2147483647;
			files = (
			);
			runOnlyForDeploymentPostprocessing = 0;
		};
		13E853EC2E477B2B00DF8C5C /* Frameworks */ = {
			isa = PBXFrameworksBuildPhase;
			buildActionMask = 2147483647;
			files = (
			);
			runOnlyForDeploymentPostprocessing = 0;
		};
/* End PBXFrameworksBuildPhase section */

/* Begin PBXGroup section */
		13E853C92E477B2A00DF8C5C = {
			isa = PBXGroup;
			children = (
				13E853D42E477B2A00DF8C5C /* FishForecast1 */,
				13E853E82E477B2B00DF8C5C /* FishForecast1Tests */,
				13E853F22E477B2B00DF8C5C /* FishForecast1UITests */,
				13E853D32E477B2A00DF8C5C /* Products */,
			);
			sourceTree = "<group>";
		};
		13E853D32E477B2A00DF8C5C /* Products */ = {
			isa = PBXGroup;
			children = (
				13E853D22E477B2A00DF8C5C /* FishForecast1.app */,
				13E853E52E477B2B00DF8C5C /* FishForecast1Tests.xctest */,
				13E853EF2E477B2B00DF8C5C /* FishForecast1UITests.xctest */,
			);
			name = Products;
			sourceTree = "<group>";
		};
/* End PBXGroup section */

/* Begin PBXNativeTarget section */
		13E853D12E477B2A00DF8C5C /* FishForecast1 */ = {
			isa = PBXNativeTarget;
			buildConfigurationList = 13E853F92E477B2B00DF8C5C /* Build configuration list for PBXNativeTarget "FishForecast1" */;
			buildPhases = (
				13E853CE2E477B2A00DF8C5C /* Sources */,
				13E853CF2E477B2A00DF8C5C /* Frameworks */,
				13E853D02E477B2A00DF8C5C /* Resources */,
			);
			buildRules = (
			);
			dependencies = (
			);
			fileSystemSynchronizedGroups = (
				13E853D42E477B2A00DF8C5C /* FishForecast1 */,
			);
			name = FishForecast1;
			packageProductDependencies = (
			);
			productName = FishForecast1;
			productReference = 13E853D22E477B2A00DF8C5C /* FishForecast1.app */;
			productType = "com.apple.product-type.application";
		};
		13E853E42E477B2B00DF8C5C /* FishForecast1Tests */ = {
			isa = PBXNativeTarget;
			buildConfigurationList = 13E853FC2E477B2B00DF8C5C /* Build configuration list for PBXNativeTarget "FishForecast1Tests" */;
			buildPhases = (
				13E853E12E477B2B00DF8C5C /* Sources */,
				13E853E22E477B2B00DF8C5C /* Frameworks */,
				13E853E32E477B2B00DF8C5C /* Resources */,
			);
			buildRules = (
			);
			dependencies = (
				13E853E72E477B2B00DF8C5C /* PBXTargetDependency */,
			);
			fileSystemSynchronizedGroups = (
				13E853E82E477B2B00DF8C5C /* FishForecast1Tests */,
			);
			name = FishForecast1Tests;
			packageProductDependencies = (
			);
			productName = FishForecast1Tests;
			productReference = 13E853E52E477B2B00DF8C5C /* FishForecast1Tests.xctest */;
			productType = "com.apple.product-type.bundle.unit-test";
		};
		13E853EE2E477B2B00DF8C5C /* FishForecast1UITests */ = {
			isa = PBXNativeTarget;
			buildConfigurationList = 13E853FF2E477B2B00DF8C5C /* Build configuration list for PBXNativeTarget "FishForecast1UITests" */;
			buildPhases = (
				13E853EB2E477B2B00DF8C5C /* Sources */,
				13E853EC2E477B2B00DF8C5C /* Frameworks */,
				13E853ED2E477B2B00DF8C5C /* Resources */,
			);
			buildRules = (
			);
			dependencies = (
				13E853F12E477B2B00DF8C5C /* PBXTargetDependency */,
			);
			fileSystemSynchronizedGroups = (
				13E853F22E477B2B00DF8C5C /* FishForecast1UITests */,
			);
			name = FishForecast1UITests;
			packageProductDependencies = (
			);
			productName = FishForecast1UITests;
			productReference = 13E853EF2E477B2B00DF8C5C /* FishForecast1UITests.xctest */;
			productType = "com.apple.product-type.bundle.ui-testing";
		};
/* End PBXNativeTarget section */

/* Begin PBXProject section */
		13E853CA2E477B2A00DF8C5C /* Project object */ = {
			isa = PBXProject;
			attributes = {
				BuildIndependentTargetsInParallel = 1;
				LastSwiftUpdateCheck = 1640;
				LastUpgradeCheck = 1640;
				TargetAttributes = {
					13E853D12E477B2A00DF8C5C = {
						CreatedOnToolsVersion = 16.4;
					};
					13E853E42E477B2B00DF8C5C = {
						CreatedOnToolsVersion = 16.4;
						TestTargetID = 13E853D12E477B2A00DF8C5C;
					};
					13E853EE2E477B2B00DF8C5C = {
						CreatedOnToolsVersion = 16.4;
						TestTargetID = 13E853D12E477B2A00DF8C5C;
					};
				};
			};
			buildConfigurationList = 13E853CD2E477B2A00DF8C5C /* Build configuration list for PBXProject "FishForecast1" */;
			developmentRegion = en;
			hasScannedForEncodings = 0;
			knownRegions = (
				en,
				Base,
			);
			mainGroup = 13E853C92E477B2A00DF8C5C;
			minimizedProjectReferenceProxies = 1;
			preferredProjectObjectVersion = 77;
			productRefGroup = 13E853D32E477B2A00DF8C5C /* Products */;
			projectDirPath = "";
			projectRoot = "";
			targets = (
				13E853D12E477B2A00DF8C5C /* FishForecast1 */,
				13E853E42E477B2B00DF8C5C /* FishForecast1Tests */,
				13E853EE2E477B2B00DF8C5C /* FishForecast1UITests */,
			);
		};
/* End PBXProject section */

/* Begin PBXResourcesBuildPhase section */
		13E853D02E477B2A00DF8C5C /* Resources */ = {
			isa = PBXResourcesBuildPhase;
			buildActionMask = 2147483647;
			files = (
			);
			runOnlyForDeploymentPostprocessing = 0;
		};
		13E853E32E477B2B00DF8C5C /* Resources */ = {
			isa = PBXResourcesBuildPhase;
			buildActionMask = 2147483647;
			files = (
			);
			runOnlyForDeploymentPostprocessing = 0;
		};
		13E853ED2E477B2B00DF8C5C /* Resources */ = {
			isa = PBXResourcesBuildPhase;
			buildActionMask = 2147483647;
			files = (
			);
			runOnlyForDeploymentPostprocessing = 0;
		};
/* End PBXResourcesBuildPhase section */

/* Begin PBXSourcesBuildPhase section */
		13E853CE2E477B2A00DF8C5C /* Sources */ = {
			isa = PBXSourcesBuildPhase;
			buildActionMask = 2147483647;
			files = (
			);
			runOnlyForDeploymentPostprocessing = 0;
		};
		13E853E12E477B2B00DF8C5C /* Sources */ = {
			isa = PBXSourcesBuildPhase;
			buildActionMask = 2147483647;
			files = (
			);
			runOnlyForDeploymentPostprocessing = 0;
		};
		13E853EB2E477B2B00DF8C5C /* Sources */ = {
			isa = PBXSourcesBuildPhase;
			buildActionMask = 2147483647;
			files = (
			);
			runOnlyForDeploymentPostprocessing = 0;
		};
/* End PBXSourcesBuildPhase section */

/* Begin PBXTargetDependency section */
		13E853E72E477B2B00DF8C5C /* PBXTargetDependency */ = {
			isa = PBXTargetDependency;
			target = 13E853D12E477B2A00DF8C5C /* FishForecast1 */;
			targetProxy = 13E853E62E477B2B00DF8C5C /* PBXContainerItemProxy */;
		};
		13E853F12E477B2B00DF8C5C /* PBXTargetDependency */ = {
			isa = PBXTargetDependency;
			target = 13E853D12E477B2A00DF8C5C /* FishForecast1 */;
			targetProxy = 13E853F02E477B2B00DF8C5C /* PBXContainerItemProxy */;
		};
/* End PBXTargetDependency section */

/* Begin XCBuildConfiguration section */
		13E853F72E477B2B00DF8C5C /* Debug */ = {
			isa = XCBuildConfiguration;
			buildSettings = {
				ALWAYS_SEARCH_USER_PATHS = NO;
				ASSETCATALOG_COMPILER_GENERATE_SWIFT_ASSET_SYMBOL_EXTENSIONS = YES;
				CLANG_ANALYZER_NONNULL = YES;
				CLANG_ANALYZER_NUMBER_OBJECT_CONVERSION = YES_AGGRESSIVE;
				CLANG_CXX_LANGUAGE_STANDARD = "gnu++20";
				CLANG_ENABLE_MODULES = YES;
				CLANG_ENABLE_OBJC_ARC = YES;
				CLANG_ENABLE_OBJC_WEAK = YES;
				CLANG_WARN_BLOCK_CAPTURE_AUTORELEASING = YES;
				CLANG_WARN_BOOL_CONVERSION = YES;
				CLANG_WARN_COMMA = YES;
				CLANG_WARN_CONSTANT_CONVERSION = YES;
				CLANG_WARN_DEPRECATED_OBJC_IMPLEMENTATIONS = YES;
				CLANG_WARN_DIRECT_OBJC_ISA_USAGE = YES_ERROR;
				CLANG_WARN_DOCUMENTATION_COMMENTS = YES;
				CLANG_WARN_EMPTY_BODY = YES;
				CLANG_WARN_ENUM_CONVERSION = YES;
				CLANG_WARN_INFINITE_RECURSION = YES;
				CLANG_WARN_INT_CONVERSION = YES;
				CLANG_WARN_NON_LITERAL_NULL_CONVERSION = YES;
				CLANG_WARN_OBJC_IMPLICIT_RETAIN_SELF = YES;
				CLANG_WARN_OBJC_LITERAL_CONVERSION = YES;
				CLANG_WARN_OBJC_ROOT_CLASS = YES_ERROR;
				CLANG_WARN_QUOTED_INCLUDE_IN_FRAMEWORK_HEADER = YES;
				CLANG_WARN_RANGE_LOOP_ANALYSIS = YES;
				CLANG_WARN_STRICT_PROTOTYPES = YES;
				CLANG_WARN_SUSPICIOUS_MOVE = YES;
				CLANG_WARN_UNGUARDED_AVAILABILITY = YES_AGGRESSIVE;
				CLANG_WARN_UNREACHABLE_CODE = YES;
				CLANG_WARN__DUPLICATE_METHOD_MATCH = YES;
				COPY_PHASE_STRIP = NO;
				DEBUG_INFORMATION_FORMAT = dwarf;
				ENABLE_STRICT_OBJC_MSGSEND = YES;
				ENABLE_TESTABILITY = YES;
				ENABLE_USER_SCRIPT_SANDBOXING = YES;
				GCC_C_LANGUAGE_STANDARD = gnu17;
				GCC_DYNAMIC_NO_PIC = NO;
				GCC_NO_COMMON_BLOCKS = YES;
				GCC_OPTIMIZATION_LEVEL = 0;
				GCC_PREPROCESSOR_DEFINITIONS = (
					"DEBUG=1",
					"$(inherited)",
				);
				GCC_WARN_64_TO_32_BIT_CONVERSION = YES;
				GCC_WARN_ABOUT_RETURN_TYPE = YES_ERROR;
				GCC_WARN_UNDECLARED_SELECTOR = YES;
				GCC_WARN_UNINITIALIZED_AUTOS = YES_AGGRESSIVE;
				GCC_WARN_UNUSED_FUNCTION = YES;
				GCC_WARN_UNUSED_VARIABLE = YES;
				LOCALIZATION_PREFERS_STRING_CATALOGS = YES;
				MACOSX_DEPLOYMENT_TARGET = 15.3;
				MTL_ENABLE_DEBUG_INFO = INCLUDE_SOURCE;
				MTL_FAST_MATH = YES;
				ONLY_ACTIVE_ARCH = YES;
				SDKROOT = macosx;
				SWIFT_ACTIVE_COMPILATION_CONDITIONS = "DEBUG $(inherited)";
				SWIFT_OPTIMIZATION_LEVEL = "-Onone";
			};
			name = Debug;
		};
		13E853F82E477B2B00DF8C5C /* Release */ = {
			isa = XCBuildConfiguration;
			buildSettings = {
				ALWAYS_SEARCH_USER_PATHS = NO;
				ASSETCATALOG_COMPILER_GENERATE_SWIFT_ASSET_SYMBOL_EXTENSIONS = YES;
				CLANG_ANALYZER_NONNULL = YES;
				CLANG_ANALYZER_NUMBER_OBJECT_CONVERSION = YES_AGGRESSIVE;
				CLANG_CXX_LANGUAGE_STANDARD = "gnu++20";
				CLANG_ENABLE_MODULES = YES;
				CLANG_ENABLE_OBJC_ARC = YES;
				CLANG_ENABLE_OBJC_WEAK = YES;
				CLANG_WARN_BLOCK_CAPTURE_AUTORELEASING = YES;
				CLANG_WARN_BOOL_CONVERSION = YES;
				CLANG_WARN_COMMA = YES;
				CLANG_WARN_CONSTANT_CONVERSION = YES;
				CLANG_WARN_DEPRECATED_OBJC_IMPLEMENTATIONS = YES;
				CLANG_WARN_DIRECT_OBJC_ISA_USAGE = YES_ERROR;
				CLANG_WARN_DOCUMENTATION_COMMENTS = YES;
				CLANG_WARN_EMPTY_BODY = YES;
				CLANG_WARN_ENUM_CONVERSION = YES;
				CLANG_WARN_INFINITE_RECURSION = YES;
				CLANG_WARN_INT_CONVERSION = YES;
				CLANG_WARN_NON_LITERAL_NULL_CONVERSION = YES;
				CLANG_WARN_OBJC_IMPLICIT_RETAIN_SELF = YES;
				CLANG_WARN_OBJC_LITERAL_CONVERSION = YES;
				CLANG_WARN_OBJC_ROOT_CLASS = YES_ERROR;
				CLANG_WARN_QUOTED_INCLUDE_IN_FRAMEWORK_HEADER = YES;
				CLANG_WARN_RANGE_LOOP_ANALYSIS = YES;
				CLANG_WARN_STRICT_PROTOTYPES = YES;
				CLANG_WARN_SUSPICIOUS_MOVE = YES;
				CLANG_WARN_UNGUARDED_AVAILABILITY = YES_AGGRESSIVE;
				CLANG_WARN_UNREACHABLE_CODE = YES;
				CLANG_WARN__DUPLICATE_METHOD_MATCH = YES;
				COPY_PHASE_STRIP = NO;
				DEBUG_INFORMATION_FORMAT = "dwarf-with-dsym";
				ENABLE_NS_ASSERTIONS = NO;
				ENABLE_STRICT_OBJC_MSGSEND = YES;
				ENABLE_USER_SCRIPT_SANDBOXING = YES;
				GCC_C_LANGUAGE_STANDARD = gnu17;
				GCC_NO_COMMON_BLOCKS = YES;
				GCC_WARN_64_TO_32_BIT_CONVERSION = YES;
				GCC_WARN_ABOUT_RETURN_TYPE = YES_ERROR;
				GCC_WARN_UNDECLARED_SELECTOR = YES;
				GCC_WARN_UNINITIALIZED_AUTOS = YES_AGGRESSIVE;
				GCC_WARN_UNUSED_FUNCTION = YES;
				GCC_WARN_UNUSED_VARIABLE = YES;
				LOCALIZATION_PREFERS_STRING_CATALOGS = YES;
				MACOSX_DEPLOYMENT_TARGET = 15.3;
				MTL_ENABLE_DEBUG_INFO = NO;
				MTL_FAST_MATH = YES;
				SDKROOT = macosx;
				SWIFT_COMPILATION_MODE = wholemodule;
			};
			name = Release;
		};
		13E853FA2E477B2B00DF8C5C /* Debug */ = {
			isa = XCBuildConfiguration;
			buildSettings = {
				ASSETCATALOG_COMPILER_APPICON_NAME = AppIcon;
				ASSETCATALOG_COMPILER_GLOBAL_ACCENT_COLOR_NAME = AccentColor;
				CODE_SIGN_ENTITLEMENTS = FishForecast1/FishForecast1.entitlements;
				CODE_SIGN_STYLE = Automatic;
				COMBINE_HIDPI_IMAGES = YES;
				CURRENT_PROJECT_VERSION = 1;
				ENABLE_PREVIEWS = YES;
				GENERATE_INFOPLIST_FILE = YES;
				INFOPLIST_KEY_NSHumanReadableCopyright = "";
				LD_RUNPATH_SEARCH_PATHS = (
					"$(inherited)",
					"@executable_path/../Frameworks",
				);
				MARKETING_VERSION = 1.0;
				PRODUCT_BUNDLE_IDENTIFIER = com.daniel.fishforecast.FishForecast1;
				PRODUCT_NAME = "$(TARGET_NAME)";
				REGISTER_APP_GROUPS = YES;
				SWIFT_EMIT_LOC_STRINGS = YES;
				SWIFT_VERSION = 5.0;
			};
			name = Debug;
		};
		13E853FB2E477B2B00DF8C5C /* Release */ = {
			isa = XCBuildConfiguration;
			buildSettings = {
				ASSETCATALOG_COMPILER_APPICON_NAME = AppIcon;
				ASSETCATALOG_COMPILER_GLOBAL_ACCENT_COLOR_NAME = AccentColor;
				CODE_SIGN_ENTITLEMENTS = FishForecast1/FishForecast1.entitlements;
				CODE_SIGN_STYLE = Automatic;
				COMBINE_HIDPI_IMAGES = YES;
				CURRENT_PROJECT_VERSION = 1;
				ENABLE_PREVIEWS = YES;
				GENERATE_INFOPLIST_FILE = YES;
				INFOPLIST_KEY_NSHumanReadableCopyright = "";
				LD_RUNPATH_SEARCH_PATHS = (
					"$(inherited)",
					"@executable_path/../Frameworks",
				);
				MARKETING_VERSION = 1.0;
				PRODUCT_BUNDLE_IDENTIFIER = com.daniel.fishforecast.FishForecast1;
				PRODUCT_NAME = "$(TARGET_NAME)";
				REGISTER_APP_GROUPS = YES;
				SWIFT_EMIT_LOC_STRINGS = YES;
				SWIFT_VERSION = 5.0;
			};
			name = Release;
		};
		13E853FD2E477B2B00DF8C5C /* Debug */ = {
			isa = XCBuildConfiguration;
			buildSettings = {
				BUNDLE_LOADER = "$(TEST_HOST)";
				CODE_SIGN_STYLE = Automatic;
				CURRENT_PROJECT_VERSION = 1;
				GENERATE_INFOPLIST_FILE = YES;
				MACOSX_DEPLOYMENT_TARGET = 15.3;
				MARKETING_VERSION = 1.0;
				PRODUCT_BUNDLE_IDENTIFIER = com.daniel.fishforecast.FishForecast1Tests;
				PRODUCT_NAME = "$(TARGET_NAME)";
				SWIFT_EMIT_LOC_STRINGS = NO;
				SWIFT_VERSION = 5.0;
				TEST_HOST = "$(BUILT_PRODUCTS_DIR)/FishForecast1.app/$(BUNDLE_EXECUTABLE_FOLDER_PATH)/FishForecast1";
			};
			name = Debug;
		};
		13E853FE2E477B2B00DF8C5C /* Release */ = {
			isa = XCBuildConfiguration;
			buildSettings = {
				BUNDLE_LOADER = "$(TEST_HOST)";
				CODE_SIGN_STYLE = Automatic;
				CURRENT_PROJECT_VERSION = 1;
				GENERATE_INFOPLIST_FILE = YES;
				MACOSX_DEPLOYMENT_TARGET = 15.3;
				MARKETING_VERSION = 1.0;
				PRODUCT_BUNDLE_IDENTIFIER = com.daniel.fishforecast.FishForecast1Tests;
				PRODUCT_NAME = "$(TARGET_NAME)";
				SWIFT_EMIT_LOC_STRINGS = NO;
				SWIFT_VERSION = 5.0;
				TEST_HOST = "$(BUILT_PRODUCTS_DIR)/FishForecast1.app/$(BUNDLE_EXECUTABLE_FOLDER_PATH)/FishForecast1";
			};
			name = Release;
		};
		13E854002E477B2B00DF8C5C /* Debug */ = {
			isa = XCBuildConfiguration;
			buildSettings = {
				CODE_SIGN_STYLE = Automatic;
				CURRENT_PROJECT_VERSION = 1;
				GENERATE_INFOPLIST_FILE = YES;
				MARKETING_VERSION = 1.0;
				PRODUCT_BUNDLE_IDENTIFIER = com.daniel.fishforecast.FishForecast1UITests;
				PRODUCT_NAME = "$(TARGET_NAME)";
				SWIFT_EMIT_LOC_STRINGS = NO;
				SWIFT_VERSION = 5.0;
				TEST_TARGET_NAME = FishForecast1;
			};
			name = Debug;
		};
		13E854012E477B2B00DF8C5C /* Release */ = {
			isa = XCBuildConfiguration;
			buildSettings = {
				CODE_SIGN_STYLE = Automatic;
				CURRENT_PROJECT_VERSION = 1;
				GENERATE_INFOPLIST_FILE = YES;
				MARKETING_VERSION = 1.0;
				PRODUCT_BUNDLE_IDENTIFIER = com.daniel.fishforecast.FishForecast1UITests;
				PRODUCT_NAME = "$(TARGET_NAME)";
				SWIFT_EMIT_LOC_STRINGS = NO;
				SWIFT_VERSION = 5.0;
				TEST_TARGET_NAME = FishForecast1;
			};
			name = Release;
		};
/* End XCBuildConfiguration section */

/* Begin XCConfigurationList section */
		13E853CD2E477B2A00DF8C5C /* Build configuration list for PBXProject "FishForecast1" */ = {
			isa = XCConfigurationList;
			buildConfigurations = (
				13E853F72E477B2B00DF8C5C /* Debug */,
				13E853F82E477B2B00DF8C5C /* Release */,
			);
			defaultConfigurationIsVisible = 0;
			defaultConfigurationName = Release;
		};
		13E853F92E477B2B00DF8C5C /* Build configuration list for PBXNativeTarget "FishForecast1" */ = {
			isa = XCConfigurationList;
			buildConfigurations = (
				13E853FA2E477B2B00DF8C5C /* Debug */,
				13E853FB2E477B2B00DF8C5C /* Release */,
			);
			defaultConfigurationIsVisible = 0;
			defaultConfigurationName = Release;
		};
		13E853FC2E477B2B00DF8C5C /* Build configuration list for PBXNativeTarget "FishForecast1Tests" */ = {
			isa = XCConfigurationList;
			buildConfigurations = (
				13E853FD2E477B2B00DF8C5C /* Debug */,
				13E853FE2E477B2B00DF8C5C /* Release */,
			);
			defaultConfigurationIsVisible = 0;
			defaultConfigurationName = Release;
		};
		13E853FF2E477B2B00DF8C5C /* Build configuration list for PBXNativeTarget "FishForecast1UITests" */ = {
			isa = XCConfigurationList;
			buildConfigurations = (
				13E854002E477B2B00DF8C5C /* Debug */,
				13E854012E477B2B00DF8C5C /* Release */,
			);
			defaultConfigurationIsVisible = 0;
			defaultConfigurationName = Release;
		};
/* End XCConfigurationList section */
	};
	rootObject = 13E853CA2E477B2A00DF8C5C /* Project object */;
}
